// !$*UTF8*$!
{
	archiveVersion = 1;
	classes = {
	};
	objectVersion = 50;
	objects = {

/* Begin PBXBuildFile section */
		8D4CFA75243C88CD00EC24D6 /* AppDelegate.swift in Sources */ = {isa = PBXBuildFile; fileRef = 8D4CFA74243C88CD00EC24D6 /* AppDelegate.swift */; };
		8D4CFA77243C88CD00EC24D6 /* SceneDelegate.swift in Sources */ = {isa = PBXBuildFile; fileRef = 8D4CFA76243C88CD00EC24D6 /* SceneDelegate.swift */; };
		8D4CFA79243C88CD00EC24D6 /* ContentView.swift in Sources */ = {isa = PBXBuildFile; fileRef = 8D4CFA78243C88CD00EC24D6 /* ContentView.swift */; };
		8D4CFA7B243C88CE00EC24D6 /* Assets.xcassets in Resources */ = {isa = PBXBuildFile; fileRef = 8D4CFA7A243C88CE00EC24D6 /* Assets.xcassets */; };
		8D4CFA7E243C88CE00EC24D6 /* Preview Assets.xcassets in Resources */ = {isa = PBXBuildFile; fileRef = 8D4CFA7D243C88CE00EC24D6 /* Preview Assets.xcassets */; };
		8D4CFA81243C88CE00EC24D6 /* LaunchScreen.storyboard in Resources */ = {isa = PBXBuildFile; fileRef = 8D4CFA7F243C88CE00EC24D6 /* LaunchScreen.storyboard */; };
		8D4CFA8C243C88CE00EC24D6 /* combining_viewTests.swift in Sources */ = {isa = PBXBuildFile; fileRef = 8D4CFA8B243C88CE00EC24D6 /* combining_viewTests.swift */; };
/* End PBXBuildFile section */

/* Begin PBXContainerItemProxy section */
		8D4CFA88243C88CE00EC24D6 /* PBXContainerItemProxy */ = {
			isa = PBXContainerItemProxy;
			containerPortal = 8D4CFA69243C88CD00EC24D6 /* Project object */;
			proxyType = 1;
			remoteGlobalIDString = 8D4CFA70243C88CD00EC24D6;
			remoteInfo = "combining-view";
		};
/* End PBXContainerItemProxy section */

/* Begin PBXFileReference section */
		8D4CFA71243C88CD00EC24D6 /* combining-view.app */ = {isa = PBXFileReference; explicitFileType = wrapper.application; includeInIndex = 0; path = "combining-view.app"; sourceTree = BUILT_PRODUCTS_DIR; };
		8D4CFA74243C88CD00EC24D6 /* AppDelegate.swift */ = {isa = PBXFileReference; lastKnownFileType = sourcecode.swift; path = AppDelegate.swift; sourceTree = "<group>"; };
		8D4CFA76243C88CD00EC24D6 /* SceneDelegate.swift */ = {isa = PBXFileReference; lastKnownFileType = sourcecode.swift; path = SceneDelegate.swift; sourceTree = "<group>"; };
		8D4CFA78243C88CD00EC24D6 /* ContentView.swift */ = {isa = PBXFileReference; lastKnownFileType = sourcecode.swift; path = ContentView.swift; sourceTree = "<group>"; };
		8D4CFA7A243C88CE00EC24D6 /* Assets.xcassets */ = {isa = PBXFileReference; lastKnownFileType = folder.assetcatalog; path = Assets.xcassets; sourceTree = "<group>"; };
		8D4CFA7D243C88CE00EC24D6 /* Preview Assets.xcassets */ = {isa = PBXFileReference; lastKnownFileType = folder.assetcatalog; path = "Preview Assets.xcassets"; sourceTree = "<group>"; };
		8D4CFA80243C88CE00EC24D6 /* Base */ = {isa = PBXFileReference; lastKnownFileType = file.storyboard; name = Base; path = Base.lproj/LaunchScreen.storyboard; sourceTree = "<group>"; };
		8D4CFA82243C88CE00EC24D6 /* Info.plist */ = {isa = PBXFileReference; lastKnownFileType = text.plist.xml; path = Info.plist; sourceTree = "<group>"; };
		8D4CFA87243C88CE00EC24D6 /* combining-viewTests.xctest */ = {isa = PBXFileReference; explicitFileType = wrapper.cfbundle; includeInIndex = 0; path = "combining-viewTests.xctest"; sourceTree = BUILT_PRODUCTS_DIR; };
		8D4CFA8B243C88CE00EC24D6 /* combining_viewTests.swift */ = {isa = PBXFileReference; lastKnownFileType = sourcecode.swift; path = combining_viewTests.swift; sourceTree = "<group>"; };
		8D4CFA8D243C88CE00EC24D6 /* Info.plist */ = {isa = PBXFileReference; lastKnownFileType = text.plist.xml; path = Info.plist; sourceTree = "<group>"; };
/* End PBXFileReference section */

/* Begin PBXFrameworksBuildPhase section */
		8D4CFA6E243C88CD00EC24D6 /* Frameworks */ = {
			isa = PBXFrameworksBuildPhase;
			buildActionMask = 2147483647;
			files = (
			);
			runOnlyForDeploymentPostprocessing = 0;
		};
		8D4CFA84243C88CE00EC24D6 /* Frameworks */ = {
			isa = PBXFrameworksBuildPhase;
			buildActionMask = 2147483647;
			files = (
			);
			runOnlyForDeploymentPostprocessing = 0;
		};
/* End PBXFrameworksBuildPhase section */

/* Begin PBXGroup section */
		8D4CFA68243C88CD00EC24D6 = {
			isa = PBXGroup;
			children = (
				8D4CFA73243C88CD00EC24D6 /* combining-view */,
				8D4CFA8A243C88CE00EC24D6 /* combining-viewTests */,
				8D4CFA72243C88CD00EC24D6 /* Products */,
			);
			sourceTree = "<group>";
		};
		8D4CFA72243C88CD00EC24D6 /* Products */ = {
			isa = PBXGroup;
			children = (
				8D4CFA71243C88CD00EC24D6 /* combining-view.app */,
				8D4CFA87243C88CE00EC24D6 /* combining-viewTests.xctest */,
			);
			name = Products;
			sourceTree = "<group>";
		};
		8D4CFA73243C88CD00EC24D6 /* combining-view */ = {
			isa = PBXGroup;
			children = (
				8D4CFA74243C88CD00EC24D6 /* AppDelegate.swift */,
				8D4CFA76243C88CD00EC24D6 /* SceneDelegate.swift */,
				8D4CFA78243C88CD00EC24D6 /* ContentView.swift */,
				8D4CFA7A243C88CE00EC24D6 /* Assets.xcassets */,
				8D4CFA7F243C88CE00EC24D6 /* LaunchScreen.storyboard */,
				8D4CFA82243C88CE00EC24D6 /* Info.plist */,
				8D4CFA7C243C88CE00EC24D6 /* Preview Content */,
			);
			path = "combining-view";
			sourceTree = "<group>";
		};
		8D4CFA7C243C88CE00EC24D6 /* Preview Content */ = {
			isa = PBXGroup;
			children = (
				8D4CFA7D243C88CE00EC24D6 /* Preview Assets.xcassets */,
			);
			path = "Preview Content";
			sourceTree = "<group>";
		};
		8D4CFA8A243C88CE00EC24D6 /* combining-viewTests */ = {
			isa = PBXGroup;
			children = (
				8D4CFA8B243C88CE00EC24D6 /* combining_viewTests.swift */,
				8D4CFA8D243C88CE00EC24D6 /* Info.plist */,
			);
			path = "combining-viewTests";
			sourceTree = "<group>";
		};
/* End PBXGroup section */

/* Begin PBXNativeTarget section */
		8D4CFA70243C88CD00EC24D6 /* combining-view */ = {
			isa = PBXNativeTarget;
			buildConfigurationList = 8D4CFA90243C88CE00EC24D6 /* Build configuration list for PBXNativeTarget "combining-view" */;
			buildPhases = (
				8D4CFA6D243C88CD00EC24D6 /* Sources */,
				8D4CFA6E243C88CD00EC24D6 /* Frameworks */,
				8D4CFA6F243C88CD00EC24D6 /* Resources */,
			);
			buildRules = (
			);
			dependencies = (
			);
			name = "combining-view";
			productName = "combining-view";
			productReference = 8D4CFA71243C88CD00EC24D6 /* combining-view.app */;
			productType = "com.apple.product-type.application";
		};
		8D4CFA86243C88CE00EC24D6 /* combining-viewTests */ = {
			isa = PBXNativeTarget;
			buildConfigurationList = 8D4CFA93243C88CE00EC24D6 /* Build configuration list for PBXNativeTarget "combining-viewTests" */;
			buildPhases = (
				8D4CFA83243C88CE00EC24D6 /* Sources */,
				8D4CFA84243C88CE00EC24D6 /* Frameworks */,
				8D4CFA85243C88CE00EC24D6 /* Resources */,
			);
			buildRules = (
			);
			dependencies = (
				8D4CFA89243C88CE00EC24D6 /* PBXTargetDependency */,
			);
			name = "combining-viewTests";
			productName = "combining-viewTests";
			productReference = 8D4CFA87243C88CE00EC24D6 /* combining-viewTests.xctest */;
			productType = "com.apple.product-type.bundle.unit-test";
		};
/* End PBXNativeTarget section */

/* Begin PBXProject section */
		8D4CFA69243C88CD00EC24D6 /* Project object */ = {
			isa = PBXProject;
			attributes = {
				LastSwiftUpdateCheck = 1130;
				LastUpgradeCheck = 1130;
				ORGANIZATIONNAME = dwirandyh.com;
				TargetAttributes = {
					8D4CFA70243C88CD00EC24D6 = {
						CreatedOnToolsVersion = 11.3.1;
					};
					8D4CFA86243C88CE00EC24D6 = {
						CreatedOnToolsVersion = 11.3.1;
						TestTargetID = 8D4CFA70243C88CD00EC24D6;
					};
				};
			};
			buildConfigurationList = 8D4CFA6C243C88CD00EC24D6 /* Build configuration list for PBXProject "combining-view" */;
			compatibilityVersion = "Xcode 9.3";
			developmentRegion = en;
			hasScannedForEncodings = 0;
			knownRegions = (
				en,
				Base,
			);
			mainGroup = 8D4CFA68243C88CD00EC24D6;
			productRefGroup = 8D4CFA72243C88CD00EC24D6 /* Products */;
			projectDirPath = "";
			projectRoot = "";
			targets = (
				8D4CFA70243C88CD00EC24D6 /* combining-view */,
				8D4CFA86243C88CE00EC24D6 /* combining-viewTests */,
			);
		};
/* End PBXProject section */

/* Begin PBXResourcesBuildPhase section */
		8D4CFA6F243C88CD00EC24D6 /* Resources */ = {
			isa = PBXResourcesBuildPhase;
			buildActionMask = 2147483647;
			files = (
				8D4CFA81243C88CE00EC24D6 /* LaunchScreen.storyboard in Resources */,
				8D4CFA7E243C88CE00EC24D6 /* Preview Assets.xcassets in Resources */,
				8D4CFA7B243C88CE00EC24D6 /* Assets.xcassets in Resources */,
			);
			runOnlyForDeploymentPostprocessing = 0;
		};
		8D4CFA85243C88CE00EC24D6 /* Resources */ = {
			isa = PBXResourcesBuildPhase;
			buildActionMask = 2147483647;
			files = (
			);
			runOnlyForDeploymentPostprocessing = 0;
		};
/* End PBXResourcesBuildPhase section */

/* Begin PBXSourcesBuildPhase section */
		8D4CFA6D243C88CD00EC24D6 /* Sources */ = {
			isa = PBXSourcesBuildPhase;
			buildActionMask = 2147483647;
			files = (
				8D4CFA75243C88CD00EC24D6 /* AppDelegate.swift in Sources */,
				8D4CFA77243C88CD00EC24D6 /* SceneDelegate.swift in Sources */,
				8D4CFA79243C88CD00EC24D6 /* ContentView.swift in Sources */,
			);
			runOnlyForDeploymentPostprocessing = 0;
		};
		8D4CFA83243C88CE00EC24D6 /* Sources */ = {
			isa = PBXSourcesBuildPhase;
			buildActionMask = 2147483647;
			files = (
				8D4CFA8C243C88CE00EC24D6 /* combining_viewTests.swift in Sources */,
			);
			runOnlyForDeploymentPostprocessing = 0;
		};
/* End PBXSourcesBuildPhase section */

/* Begin PBXTargetDependency section */
		8D4CFA89243C88CE00EC24D6 /* PBXTargetDependency */ = {
			isa = PBXTargetDependency;
			target = 8D4CFA70243C88CD00EC24D6 /* combining-view */;
			targetProxy = 8D4CFA88243C88CE00EC24D6 /* PBXContainerItemProxy */;
		};
/* End PBXTargetDependency section */

/* Begin PBXVariantGroup section */
		8D4CFA7F243C88CE00EC24D6 /* LaunchScreen.storyboard */ = {
			isa = PBXVariantGroup;
			children = (
				8D4CFA80243C88CE00EC24D6 /* Base */,
			);
			name = LaunchScreen.storyboard;
			sourceTree = "<group>";
		};
/* End PBXVariantGroup section */

/* Begin XCBuildConfiguration section */
		8D4CFA8E243C88CE00EC24D6 /* Debug */ = {
			isa = XCBuildConfiguration;
			buildSettings = {
				ALWAYS_SEARCH_USER_PATHS = NO;
				CLANG_ANALYZER_NONNULL = YES;
				CLANG_ANALYZER_NUMBER_OBJECT_CONVERSION = YES_AGGRESSIVE;
				CLANG_CXX_LANGUAGE_STANDARD = "gnu++14";
				CLANG_CXX_LIBRARY = "libc++";
				CLANG_ENABLE_MODULES = YES;
				CLANG_ENABLE_OBJC_ARC = YES;
				CLANG_ENABLE_OBJC_WEAK = YES;
				CLANG_WARN_BLOCK_CAPTURE_AUTORELEASING = YES;
				CLANG_WARN_BOOL_CONVERSION = YES;
				CLANG_WARN_COMMA = YES;
				CLANG_WARN_CONSTANT_CONVERSION = YES;
				CLANG_WARN_DEPRECATED_OBJC_IMPLEMENTATIONS = YES;
				CLANG_WARN_DIRECT_OBJC_ISA_USAGE = YES_ERROR;
				CLANG_WARN_DOCUMENTATION_COMMENTS = YES;
				CLANG_WARN_EMPTY_BODY = YES;
				CLANG_WARN_ENUM_CONVERSION = YES;
				CLANG_WARN_INFINITE_RECURSION = YES;
				CLANG_WARN_INT_CONVERSION = YES;
				CLANG_WARN_NON_LITERAL_NULL_CONVERSION = YES;
				CLANG_WARN_OBJC_IMPLICIT_RETAIN_SELF = YES;
				CLANG_WARN_OBJC_LITERAL_CONVERSION = YES;
				CLANG_WARN_OBJC_ROOT_CLASS = YES_ERROR;
				CLANG_WARN_RANGE_LOOP_ANALYSIS = YES;
				CLANG_WARN_STRICT_PROTOTYPES = YES;
				CLANG_WARN_SUSPICIOUS_MOVE = YES;
				CLANG_WARN_UNGUARDED_AVAILABILITY = YES_AGGRESSIVE;
				CLANG_WARN_UNREACHABLE_CODE = YES;
				CLANG_WARN__DUPLICATE_METHOD_MATCH = YES;
				COPY_PHASE_STRIP = NO;
				DEBUG_INFORMATION_FORMAT = dwarf;
				ENABLE_STRICT_OBJC_MSGSEND = YES;
				ENABLE_TESTABILITY = YES;
				GCC_C_LANGUAGE_STANDARD = gnu11;
				GCC_DYNAMIC_NO_PIC = NO;
				GCC_NO_COMMON_BLOCKS = YES;
				GCC_OPTIMIZATION_LEVEL = 0;
				GCC_PREPROCESSOR_DEFINITIONS = (
					"DEBUG=1",
					"$(inherited)",
				);
				GCC_WARN_64_TO_32_BIT_CONVERSION = YES;
				GCC_WARN_ABOUT_RETURN_TYPE = YES_ERROR;
				GCC_WARN_UNDECLARED_SELECTOR = YES;
				GCC_WARN_UNINITIALIZED_AUTOS = YES_AGGRESSIVE;
				GCC_WARN_UNUSED_FUNCTION = YES;
				GCC_WARN_UNUSED_VARIABLE = YES;
				IPHONEOS_DEPLOYMENT_TARGET = 13.2;
				MTL_ENABLE_DEBUG_INFO = INCLUDE_SOURCE;
				MTL_FAST_MATH = YES;
				ONLY_ACTIVE_ARCH = YES;
				SDKROOT = iphoneos;
				SWIFT_ACTIVE_COMPILATION_CONDITIONS = DEBUG;
				SWIFT_OPTIMIZATION_LEVEL = "-Onone";
			};
			name = Debug;
		};
		8D4CFA8F243C88CE00EC24D6 /* Release */ = {
			isa = XCBuildConfiguration;
			buildSettings = {
				ALWAYS_SEARCH_USER_PATHS = NO;
				CLANG_ANALYZER_NONNULL = YES;
				CLANG_ANALYZER_NUMBER_OBJECT_CONVERSION = YES_AGGRESSIVE;
				CLANG_CXX_LANGUAGE_STANDARD = "gnu++14";
				CLANG_CXX_LIBRARY = "libc++";
				CLANG_ENABLE_MODULES = YES;
				CLANG_ENABLE_OBJC_ARC = YES;
				CLANG_ENABLE_OBJC_WEAK = YES;
				CLANG_WARN_BLOCK_CAPTURE_AUTORELEASING = YES;
				CLANG_WARN_BOOL_CONVERSION = YES;
				CLANG_WARN_COMMA = YES;
				CLANG_WARN_CONSTANT_CONVERSION = YES;
				CLANG_WARN_DEPRECATED_OBJC_IMPLEMENTATIONS = YES;
				CLANG_WARN_DIRECT_OBJC_ISA_USAGE = YES_ERROR;
				CLANG_WARN_DOCUMENTATION_COMMENTS = YES;
				CLANG_WARN_EMPTY_BODY = YES;
				CLANG_WARN_ENUM_CONVERSION = YES;
				CLANG_WARN_INFINITE_RECURSION = YES;
				CLANG_WARN_INT_CONVERSION = YES;
				CLANG_WARN_NON_LITERAL_NULL_CONVERSION = YES;
				CLANG_WARN_OBJC_IMPLICIT_RETAIN_SELF = YES;
				CLANG_WARN_OBJC_LITERAL_CONVERSION = YES;
				CLANG_WARN_OBJC_ROOT_CLASS = YES_ERROR;
				CLANG_WARN_RANGE_LOOP_ANALYSIS = YES;
				CLANG_WARN_STRICT_PROTOTYPES = YES;
				CLANG_WARN_SUSPICIOUS_MOVE = YES;
				CLANG_WARN_UNGUARDED_AVAILABILITY = YES_AGGRESSIVE;
				CLANG_WARN_UNREACHABLE_CODE = YES;
				CLANG_WARN__DUPLICATE_METHOD_MATCH = YES;
				COPY_PHASE_STRIP = NO;
				DEBUG_INFORMATION_FORMAT = "dwarf-with-dsym";
				ENABLE_NS_ASSERTIONS = NO;
				ENABLE_STRICT_OBJC_MSGSEND = YES;
				GCC_C_LANGUAGE_STANDARD = gnu11;
				GCC_NO_COMMON_BLOCKS = YES;
				GCC_WARN_64_TO_32_BIT_CONVERSION = YES;
				GCC_WARN_ABOUT_RETURN_TYPE = YES_ERROR;
				GCC_WARN_UNDECLARED_SELECTOR = YES;
				GCC_WARN_UNINITIALIZED_AUTOS = YES_AGGRESSIVE;
				GCC_WARN_UNUSED_FUNCTION = YES;
				GCC_WARN_UNUSED_VARIABLE = YES;
				IPHONEOS_DEPLOYMENT_TARGET = 13.2;
				MTL_ENABLE_DEBUG_INFO = NO;
				MTL_FAST_MATH = YES;
				SDKROOT = iphoneos;
				SWIFT_COMPILATION_MODE = wholemodule;
				SWIFT_OPTIMIZATION_LEVEL = "-O";
				VALIDATE_PRODUCT = YES;
			};
			name = Release;
		};
		8D4CFA91243C88CE00EC24D6 /* Debug */ = {
			isa = XCBuildConfiguration;
			buildSettings = {
				ASSETCATALOG_COMPILER_APPICON_NAME = AppIcon;
				CODE_SIGN_STYLE = Automatic;
				DEVELOPMENT_ASSET_PATHS = "\"combining-view/Preview Content\"";
				DEVELOPMENT_TEAM = 5B2L4KSFG2;
				ENABLE_PREVIEWS = YES;
				INFOPLIST_FILE = "combining-view/Info.plist";
				LD_RUNPATH_SEARCH_PATHS = (
					"$(inherited)",
					"@executable_path/Frameworks",
				);
				PRODUCT_BUNDLE_IDENTIFIER = "com.dwirandyh.combining-view";
				PRODUCT_NAME = "$(TARGET_NAME)";
				SWIFT_VERSION = 5.0;
				TARGETED_DEVICE_FAMILY = "1,2";
			};
			name = Debug;
		};
		8D4CFA92243C88CE00EC24D6 /* Release */ = {
			isa = XCBuildConfiguration;
			buildSettings = {
				ASSETCATALOG_COMPILER_APPICON_NAME = AppIcon;
				CODE_SIGN_STYLE = Automatic;
				DEVELOPMENT_ASSET_PATHS = "\"combining-view/Preview Content\"";
				DEVELOPMENT_TEAM = 5B2L4KSFG2;
				ENABLE_PREVIEWS = YES;
				INFOPLIST_FILE = "combining-view/Info.plist";
				LD_RUNPATH_SEARCH_PATHS = (
					"$(inherited)",
					"@executable_path/Frameworks",
				);
				PRODUCT_BUNDLE_IDENTIFIER = "com.dwirandyh.combining-view";
				PRODUCT_NAME = "$(TARGET_NAME)";
				SWIFT_VERSION = 5.0;
				TARGETED_DEVICE_FAMILY = "1,2";
			};
			name = Release;
		};
		8D4CFA94243C88CE00EC24D6 /* Debug */ = {
			isa = XCBuildConfiguration;
			buildSettings = {
				ALWAYS_EMBED_SWIFT_STANDARD_LIBRARIES = YES;
				BUNDLE_LOADER = "$(TEST_HOST)";
				CODE_SIGN_STYLE = Automatic;
				DEVELOPMENT_TEAM = 5B2L4KSFG2;
				INFOPLIST_FILE = "combining-viewTests/Info.plist";
				IPHONEOS_DEPLOYMENT_TARGET = 13.2;
				LD_RUNPATH_SEARCH_PATHS = (
					"$(inherited)",
					"@executable_path/Frameworks",
					"@loader_path/Frameworks",
				);
				PRODUCT_BUNDLE_IDENTIFIER = "com.dwirandyh.combining-viewTests";
				PRODUCT_NAME = "$(TARGET_NAME)";
				SWIFT_VERSION = 5.0;
				TARGETED_DEVICE_FAMILY = "1,2";
				TEST_HOST = "$(BUILT_PRODUCTS_DIR)/combining-view.app/combining-view";
			};
			name = Debug;
		};
		8D4CFA95243C88CE00EC24D6 /* Release */ = {
			isa = XCBuildConfiguration;
			buildSettings = {
				ALWAYS_EMBED_SWIFT_STANDARD_LIBRARIES = YES;
				BUNDLE_LOADER = "$(TEST_HOST)";
				CODE_SIGN_STYLE = Automatic;
				DEVELOPMENT_TEAM = 5B2L4KSFG2;
				INFOPLIST_FILE = "combining-viewTests/Info.plist";
				IPHONEOS_DEPLOYMENT_TARGET = 13.2;
				LD_RUNPATH_SEARCH_PATHS = (
					"$(inherited)",
					"@executable_path/Frameworks",
					"@loader_path/Frameworks",
				);
				PRODUCT_BUNDLE_IDENTIFIER = "com.dwirandyh.combining-viewTests";
				PRODUCT_NAME = "$(TARGET_NAME)";
				SWIFT_VERSION = 5.0;
				TARGETED_DEVICE_FAMILY = "1,2";
				TEST_HOST = "$(BUILT_PRODUCTS_DIR)/combining-view.app/combining-view";
			};
			name = Release;
		};
/* End XCBuildConfiguration section */

/* Begin XCConfigurationList section */
		8D4CFA6C243C88CD00EC24D6 /* Build configuration list for PBXProject "combining-view" */ = {
			isa = XCConfigurationList;
			buildConfigurations = (
				8D4CFA8E243C88CE00EC24D6 /* Debug */,
				8D4CFA8F243C88CE00EC24D6 /* Release */,
			);
			defaultConfigurationIsVisible = 0;
			defaultConfigurationName = Release;
		};
		8D4CFA90243C88CE00EC24D6 /* Build configuration list for PBXNativeTarget "combining-view" */ = {
			isa = XCConfigurationList;
			buildConfigurations = (
				8D4CFA91243C88CE00EC24D6 /* Debug */,
				8D4CFA92243C88CE00EC24D6 /* Release */,
			);
			defaultConfigurationIsVisible = 0;
			defaultConfigurationName = Release;
		};
		8D4CFA93243C88CE00EC24D6 /* Build configuration list for PBXNativeTarget "combining-viewTests" */ = {
			isa = XCConfigurationList;
			buildConfigurations = (
				8D4CFA94243C88CE00EC24D6 /* Debug */,
				8D4CFA95243C88CE00EC24D6 /* Release */,
			);
			defaultConfigurationIsVisible = 0;
			defaultConfigurationName = Release;
		};
/* End XCConfigurationList section */
	};
	rootObject = 8D4CFA69243C88CD00EC24D6 /* Project object */;
}
